<?xml version="1.0" encoding="utf-8"?>
<Project ToolsVersion="4.0" xmlns="http://schemas.microsoft.com/developer/msbuild/2003">
  <ItemGroup>
    <Filter Include="Source Files">
      <UniqueIdentifier>{4FC737F1-C7A5-4376-A066-2A32D752A2FF}</UniqueIdentifier>
      <Extensions>cpp;c;cc;cxx;def;odl;idl;hpj;bat;asm;asmx</Extensions>
    </Filter>
    <Filter Include="Header Files">
      <UniqueIdentifier>{93995380-89BD-4b04-88EB-625FBE52EBFB}</UniqueIdentifier>
      <Extensions>h;hpp;hxx;hm;inl;inc;xsd</Extensions>
    </Filter>
    <Filter Include="Resource Files">
      <UniqueIdentifier>{67DA6AB6-F800-4c08-8B7A-83BB121AAD01}</UniqueIdentifier>
      <Extensions>rc;ico;cur;bmp;dlg;rc2;rct;bin;rgs;gif;jpg;jpeg;jpe;resx;tiff;tif;png;wav;mfcribbon-ms</Extensions>
    </Filter>
    <Filter Include="Source Files\SGE">
      <UniqueIdentifier>{395cac28-c5a1-408b-9807-1ddac6dae056}</UniqueIdentifier>
    </Filter>
  </ItemGroup>
  <ItemGroup>
    <ClCompile Include="SGE\Vector.cpp">
      <Filter>Source Files\SGE</Filter>
    </ClCompile>
    <ClCompile Include="SGE\Options.cpp">
      <Filter>Source Files\SGE</Filter>
    </ClCompile>
    <ClCompile Include="SGE\Camera.cpp">
      <Filter>Source Files\SGE</Filter>
    </ClCompile>
    <ClCompile Include="SGE\Configor.cpp">
      <Filter>Source Files\SGE</Filter>
    </ClCompile>
    <ClCompile Include="SGE\FileSystem.cpp">
      <Filter>Source Files\SGE</Filter>
    </ClCompile>
    <ClCompile Include="main.cpp">
      <Filter>Source Files</Filter>
    </ClCompile>
    <ClCompile Include="SGE\Model.cpp">
      <Filter>Source Files\SGE</Filter>
    </ClCompile>
    <ClCompile Include="SGE\Angle.cpp">
      <Filter>Source Files\SGE</Filter>
    </ClCompile>
    <ClCompile Include="SGE\World.cpp">
      <Filter>Source Files\SGE</Filter>
    </ClCompile>
    <ClCompile Include="SGE\Shader.cpp">
      <Filter>Source Files\SGE</Filter>
    </ClCompile>
    <ClCompile Include="SGE\Texture.cpp">
      <Filter>Source Files\SGE</Filter>
    </ClCompile>
    <ClCompile Include="SGE\Engine.cpp">
      <Filter>Source Files\SGE</Filter>
    </ClCompile>
    <ClCompile Include="Matrix.cpp">
      <Filter>Source Files</Filter>
    </ClCompile>
  </ItemGroup>
  <ItemGroup>
    <ClInclude Include="SGE\Vector.h">
      <Filter>Source Files\SGE</Filter>
    </ClInclude>
    <ClInclude Include="SGE\Engine.h">
      <Filter>Source Files\SGE</Filter>
    </ClInclude>
    <ClInclude Include="SGE\Options.h">
      <Filter>Source Files\SGE</Filter>
    </ClInclude>
    <ClInclude Include="SGE\Camera.h">
      <Filter>Source Files\SGE</Filter>
    </ClInclude>
    <ClInclude Include="SGE\Configor.h">
      <Filter>Source Files\SGE</Filter>
    </ClInclude>
    <ClInclude Include="SGE\FileSystem.h">
      <Filter>Source Files\SGE</Filter>
    </ClInclude>
    <ClInclude Include="SGE\Model.h">
      <Filter>Source Files\SGE</Filter>
    </ClInclude>
    <ClInclude Include="SGE\Angle.h">
      <Filter>Source Files\SGE</Filter>
    </ClInclude>
    <ClInclude Include="SGE\World.h">
      <Filter>Source Files\SGE</Filter>
    </ClInclude>
    <ClInclude Include="SGE\BaseEntity.h">
      <Filter>Source Files\SGE</Filter>
    </ClInclude>
    <ClInclude Include="SGE\Shader.h">
      <Filter>Source Files\SGE</Filter>
    </ClInclude>
    <ClInclude Include="SGE\Texture.h">
      <Filter>Source Files\SGE</Filter>
    </ClInclude>
    <ClInclude Include="MathLib\Utility.h">
      <Filter>Source Files\SGE</Filter>
    </ClInclude>
    <ClInclude Include="Matrix.h">
      <Filter>Header Files</Filter>
    </ClInclude>
  </ItemGroup>
</Project>